
Microsoft Visual Studio Solution File, Format Version 12.00
# Visual Studio Version 17
VisualStudioVersion = 17.8.34511.84
MinimumVisualStudioVersion = 10.0.40219.1
Project("{FAE04EC0-301F-11D3-BF4B-00C04F79EFBC}") = "wpf5", "wpf5.csproj", "{800C0C61-33D7-4D18-86BE-433CB472DB2B}"
EndProject
Global
	GlobalSection(SolutionConfigurationPlatforms) = preSolution
		Debug|Any CPU = Debug|Any CPU
		Release|Any CPU = Release|Any CPU
	EndGlobalSection
	GlobalSection(ProjectConfigurationPlatforms) = postSolution
		{800C0C61-33D7-4D18-86BE-433CB472DB2B}.Debug|Any CPU.ActiveCfg = Debug|Any CPU
		{800C0C61-33D7-4D18-86BE-433CB472DB2B}.Debug|Any CPU.Build.0 = Debug|Any CPU
		{800C0C61-33D7-4D18-86BE-433CB472DB2B}.Release|Any CPU.ActiveCfg = Release|Any CPU
		{800C0C61-33D7-4D18-86BE-433CB472DB2B}.Release|Any CPU.Build.0 = Release|Any CPU
	EndGlobalSection
	GlobalSection(SolutionProperties) = preSolution
		HideSolutionNode = FALSE
	EndGlobalSection
	GlobalSection(ExtensibilityGlobals) = postSolution
		SolutionGuid = {4089B189-274E-48BA-A1E1-EE0860FAD2D1}
	EndGlobalSection
EndGlobal
